
Microsoft Visual Studio Solution File, Format Version 12.00
# Visual Studio Version 16
VisualStudioVersion = 16.0.30320.27
MinimumVisualStudioVersion = 10.0.40219.1
Project("{FAE04EC0-301F-11D3-BF4B-00C04F79EFBC}") = "CodingTestAirTech", "CodingTestAirTech\CodingTestAirTech.csproj", "{231482DD-473C-42C9-915D-93292E73A421}"
EndProject
Global
	GlobalSection(SolutionConfigurationPlatforms) = preSolution
		Debug|Any CPU = Debug|Any CPU
		Release|Any CPU = Release|Any CPU
	EndGlobalSection
	GlobalSection(ProjectConfigurationPlatforms) = postSolution
		{231482DD-473C-42C9-915D-93292E73A421}.Debug|Any CPU.ActiveCfg = Debug|Any CPU
		{231482DD-473C-42C9-915D-93292E73A421}.Debug|Any CPU.Build.0 = Debug|Any CPU
		{231482DD-473C-42C9-915D-93292E73A421}.Release|Any CPU.ActiveCfg = Release|Any CPU
		{231482DD-473C-42C9-915D-93292E73A421}.Release|Any CPU.Build.0 = Release|Any CPU
	EndGlobalSection
	GlobalSection(SolutionProperties) = preSolution
		HideSolutionNode = FALSE
	EndGlobalSection
	GlobalSection(ExtensibilityGlobals) = postSolution
		SolutionGuid = {853E6A98-BF37-4724-A4EE-D4538E570365}
	EndGlobalSection
EndGlobal
